
Microsoft Visual Studio Solution File, Format Version 12.00
# Visual Studio Version 16
VisualStudioVersion = 16.0.30413.136
MinimumVisualStudioVersion = 10.0.40219.1
Project("{FAE04EC0-301F-11D3-BF4B-00C04F79EFBC}") = "WebAPI", "WebAPI\WebAPI.csproj", "{9E5F6F2E-F932-4295-B402-BAC6020888CA}"
EndProject
Global
	GlobalSection(SolutionConfigurationPlatforms) = preSolution
		Debug|Any CPU = Debug|Any CPU
		Release|Any CPU = Release|Any CPU
	EndGlobalSection
	GlobalSection(ProjectConfigurationPlatforms) = postSolution
		{9E5F6F2E-F932-4295-B402-BAC6020888CA}.Debug|Any CPU.ActiveCfg = Debug|Any CPU
		{9E5F6F2E-F932-4295-B402-BAC6020888CA}.Debug|Any CPU.Build.0 = Debug|Any CPU
		{9E5F6F2E-F932-4295-B402-BAC6020888CA}.Release|Any CPU.ActiveCfg = Release|Any CPU
		{9E5F6F2E-F932-4295-B402-BAC6020888CA}.Release|Any CPU.Build.0 = Release|Any CPU
	EndGlobalSection
	GlobalSection(SolutionProperties) = preSolution
		HideSolutionNode = FALSE
	EndGlobalSection
	GlobalSection(ExtensibilityGlobals) = postSolution
		SolutionGuid = {59575C7A-0663-4D0A-BC5F-D45AA68C6A60}
	EndGlobalSection
EndGlobal
